
Microsoft Visual Studio Solution File, Format Version 12.00
# Visual Studio Version 16
VisualStudioVersion = 16.0.31702.278
MinimumVisualStudioVersion = 10.0.40219.1
Project("{FAE04EC0-301F-11D3-BF4B-00C04F79EFBC}") = "Eurosong", "Eurosong.csproj", "{45AB7BA5-11D0-40F8-B24F-6EEC028340BE}"
EndProject
Global
	GlobalSection(SolutionConfigurationPlatforms) = preSolution
		Debug|Any CPU = Debug|Any CPU
		Release|Any CPU = Release|Any CPU
	EndGlobalSection
	GlobalSection(ProjectConfigurationPlatforms) = postSolution
		{45AB7BA5-11D0-40F8-B24F-6EEC028340BE}.Debug|Any CPU.ActiveCfg = Debug|Any CPU
		{45AB7BA5-11D0-40F8-B24F-6EEC028340BE}.Debug|Any CPU.Build.0 = Debug|Any CPU
		{45AB7BA5-11D0-40F8-B24F-6EEC028340BE}.Release|Any CPU.ActiveCfg = Release|Any CPU
		{45AB7BA5-11D0-40F8-B24F-6EEC028340BE}.Release|Any CPU.Build.0 = Release|Any CPU
	EndGlobalSection
	GlobalSection(SolutionProperties) = preSolution
		HideSolutionNode = FALSE
	EndGlobalSection
	GlobalSection(ExtensibilityGlobals) = postSolution
		SolutionGuid = {614AE5E4-1B58-4438-A330-63AD51372855}
	EndGlobalSection
EndGlobal
